dependencies:
  espressif/nghttp:
    component_hash: 
      e16db3335787c9104404d517236f2c98182038dd03227cacb78f614b5e7ba273
    dependencies:
    - name: idf
      require: private
      version: '>=5.0'
    source:
      registry_url: https://components.espressif.com/
      type: service
    version: 1.68.1
  idf:
    source:
      type: idf
    version: 6.1.0
  nimble_central_utils:
    dependencies: []
    source:
      path: 
        /home/android/esp/esp-idf/examples/bluetooth/nimble/common/nimble_central_utils
      type: local
    version: '*'
  nimble_peripheral_utils:
    dependencies: []
    source:
      path: 
        /home/android/esp/esp-idf/examples/bluetooth/nimble/common/nimble_peripheral_utils
      type: local
    version: '*'
direct_dependencies:
- espressif/nghttp
- nimble_central_utils
- nimble_peripheral_utils
manifest_hash: f5abda75b678772dd0e7d4ab3c965d0ba6abc352daac3707b84ad227b4351dea
target: esp32s3
version: 2.0.0
